
Microsoft Visual Studio Solution File, Format Version 12.00
# Visual Studio Version 16
VisualStudioVersion = 16.0.30621.155
MinimumVisualStudioVersion = 10.0.40219.1
Project("{FAE04EC0-301F-11D3-BF4B-00C04F79EFBC}") = "movieOrdering", "movieOrdering.csproj", "{303146F5-7CC5-4302-B72F-E4C02DA0FB99}"
EndProject
Global
	GlobalSection(SolutionConfigurationPlatforms) = preSolution
		Debug|Any CPU = Debug|Any CPU
		Release|Any CPU = Release|Any CPU
	EndGlobalSection
	GlobalSection(ProjectConfigurationPlatforms) = postSolution
		{303146F5-7CC5-4302-B72F-E4C02DA0FB99}.Debug|Any CPU.ActiveCfg = Debug|Any CPU
		{303146F5-7CC5-4302-B72F-E4C02DA0FB99}.Debug|Any CPU.Build.0 = Debug|Any CPU
		{303146F5-7CC5-4302-B72F-E4C02DA0FB99}.Release|Any CPU.ActiveCfg = Release|Any CPU
		{303146F5-7CC5-4302-B72F-E4C02DA0FB99}.Release|Any CPU.Build.0 = Release|Any CPU
	EndGlobalSection
	GlobalSection(SolutionProperties) = preSolution
		HideSolutionNode = FALSE
	EndGlobalSection
	GlobalSection(ExtensibilityGlobals) = postSolution
		SolutionGuid = {90D51210-75D8-46BE-BD6E-38B2662DB6BF}
	EndGlobalSection
EndGlobal
